
Microsoft Visual Studio Solution File, Format Version 12.00
# Visual Studio Version 17
VisualStudioVersion = 17.8.34330.188
MinimumVisualStudioVersion = 10.0.40219.1
Project("{2150E333-8FDC-42A3-9474-1A3956D46DE8}") = "1 - Lambda", "1 - Lambda", "{66287548-CBDA-4792-8F5A-B2BE8CA9DE91}"
EndProject
Project("{9A19103F-16F7-4668-BE54-9A1E7A4F7556}") = "EcommerceLambda", "EcommerceLambda\src\EcommerceLambda\EcommerceLambda.csproj", "{8ADA8CCB-1FB1-4200-BBF7-F45447D5EC27}"
EndProject
Project("{2150E333-8FDC-42A3-9474-1A3956D46DE8}") = "2 - Doc", "2 - Doc", "{1BACB663-219A-468D-BADD-2B1194F22444}"
	ProjectSection(SolutionItems) = preProject
		C:\Users\jonat\Downloads\diagrama-aplicacao.drawio = C:\Users\jonat\Downloads\diagrama-aplicacao.drawio
	EndProjectSection
EndProject
Global
	GlobalSection(SolutionConfigurationPlatforms) = preSolution
		Debug|Any CPU = Debug|Any CPU
		Release|Any CPU = Release|Any CPU
	EndGlobalSection
	GlobalSection(ProjectConfigurationPlatforms) = postSolution
		{8ADA8CCB-1FB1-4200-BBF7-F45447D5EC27}.Debug|Any CPU.ActiveCfg = Debug|Any CPU
		{8ADA8CCB-1FB1-4200-BBF7-F45447D5EC27}.Debug|Any CPU.Build.0 = Debug|Any CPU
		{8ADA8CCB-1FB1-4200-BBF7-F45447D5EC27}.Release|Any CPU.ActiveCfg = Release|Any CPU
		{8ADA8CCB-1FB1-4200-BBF7-F45447D5EC27}.Release|Any CPU.Build.0 = Release|Any CPU
	EndGlobalSection
	GlobalSection(SolutionProperties) = preSolution
		HideSolutionNode = FALSE
	EndGlobalSection
	GlobalSection(NestedProjects) = preSolution
		{8ADA8CCB-1FB1-4200-BBF7-F45447D5EC27} = {66287548-CBDA-4792-8F5A-B2BE8CA9DE91}
	EndGlobalSection
	GlobalSection(ExtensibilityGlobals) = postSolution
		SolutionGuid = {1903AB6D-8457-4FB0-9044-B67D1E8F5172}
	EndGlobalSection
EndGlobal
